
Microsoft Visual Studio Solution File, Format Version 12.00
# Visual Studio 15
VisualStudioVersion = 15.0.27130.2010
MinimumVisualStudioVersion = 10.0.40219.1
Project("{FAE04EC0-301F-11D3-BF4B-00C04F79EFBC}") = "MovieFilter", "MovieFilter\MovieFilter.csproj", "{F1D20430-9E41-4A1E-8064-8E0859699596}"
EndProject
Global
	GlobalSection(SolutionConfigurationPlatforms) = preSolution
		Debug|Any CPU = Debug|Any CPU
		Release|Any CPU = Release|Any CPU
	EndGlobalSection
	GlobalSection(ProjectConfigurationPlatforms) = postSolution
		{F1D20430-9E41-4A1E-8064-8E0859699596}.Debug|Any CPU.ActiveCfg = Debug|Any CPU
		{F1D20430-9E41-4A1E-8064-8E0859699596}.Debug|Any CPU.Build.0 = Debug|Any CPU
		{F1D20430-9E41-4A1E-8064-8E0859699596}.Release|Any CPU.ActiveCfg = Release|Any CPU
		{F1D20430-9E41-4A1E-8064-8E0859699596}.Release|Any CPU.Build.0 = Release|Any CPU
	EndGlobalSection
	GlobalSection(SolutionProperties) = preSolution
		HideSolutionNode = FALSE
	EndGlobalSection
	GlobalSection(ExtensibilityGlobals) = postSolution
		SolutionGuid = {F9C0542B-6888-435C-8E1A-092B2FD09E9F}
	EndGlobalSection
EndGlobal
